
Microsoft Visual Studio Solution File, Format Version 12.00
# Visual Studio Version 16
VisualStudioVersion = 16.0.32630.194
MinimumVisualStudioVersion = 10.0.40219.1
Project("{9A19103F-16F7-4668-BE54-9A1E7A4F7556}") = "ProiectASP", "ProiectASP.csproj", "{9AB0878E-D985-4929-9BD6-6B1DFF6EDF7E}"
EndProject
Project("{9A19103F-16F7-4668-BE54-9A1E7A4F7556}") = "ProiectASP.DAL", "..\ProiectASP.DAL\ProiectASP.DAL.csproj", "{2505749A-7260-4304-A97F-ADDDC6F98D2E}"
EndProject
Project("{FAE04EC0-301F-11D3-BF4B-00C04F79EFBC}") = "ProiectASP.BLL", "..\ProiectASP.BLL\ProiectASP.BLL.csproj", "{A934404A-4491-4798-B128-FB3F1EF8EB60}"
EndProject
Global
	GlobalSection(SolutionConfigurationPlatforms) = preSolution
		Debug|Any CPU = Debug|Any CPU
		Release|Any CPU = Release|Any CPU
	EndGlobalSection
	GlobalSection(ProjectConfigurationPlatforms) = postSolution
		{9AB0878E-D985-4929-9BD6-6B1DFF6EDF7E}.Debug|Any CPU.ActiveCfg = Debug|Any CPU
		{9AB0878E-D985-4929-9BD6-6B1DFF6EDF7E}.Debug|Any CPU.Build.0 = Debug|Any CPU
		{9AB0878E-D985-4929-9BD6-6B1DFF6EDF7E}.Release|Any CPU.ActiveCfg = Release|Any CPU
		{9AB0878E-D985-4929-9BD6-6B1DFF6EDF7E}.Release|Any CPU.Build.0 = Release|Any CPU
		{2505749A-7260-4304-A97F-ADDDC6F98D2E}.Debug|Any CPU.ActiveCfg = Debug|Any CPU
		{2505749A-7260-4304-A97F-ADDDC6F98D2E}.Debug|Any CPU.Build.0 = Debug|Any CPU
		{2505749A-7260-4304-A97F-ADDDC6F98D2E}.Release|Any CPU.ActiveCfg = Release|Any CPU
		{2505749A-7260-4304-A97F-ADDDC6F98D2E}.Release|Any CPU.Build.0 = Release|Any CPU
		{A934404A-4491-4798-B128-FB3F1EF8EB60}.Debug|Any CPU.ActiveCfg = Debug|Any CPU
		{A934404A-4491-4798-B128-FB3F1EF8EB60}.Debug|Any CPU.Build.0 = Debug|Any CPU
		{A934404A-4491-4798-B128-FB3F1EF8EB60}.Release|Any CPU.ActiveCfg = Release|Any CPU
		{A934404A-4491-4798-B128-FB3F1EF8EB60}.Release|Any CPU.Build.0 = Release|Any CPU
	EndGlobalSection
	GlobalSection(SolutionProperties) = preSolution
		HideSolutionNode = FALSE
	EndGlobalSection
	GlobalSection(ExtensibilityGlobals) = postSolution
		SolutionGuid = {D6C0F9C2-29B0-49B9-A941-5395B91C2E6D}
	EndGlobalSection
EndGlobal
